
Microsoft Visual Studio Solution File, Format Version 12.00
# Visual Studio Version 17
VisualStudioVersion = 17.3.32901.215
MinimumVisualStudioVersion = 10.0.40219.1
Project("{FAE04EC0-301F-11D3-BF4B-00C04F79EFBC}") = "Labsheet6", "EmployeeManagement\Labsheet6.csproj", "{9681E947-8CB8-447E-B33E-43846E86D0CA}"
EndProject
Global
	GlobalSection(SolutionConfigurationPlatforms) = preSolution
		Debug|Any CPU = Debug|Any CPU
		Release|Any CPU = Release|Any CPU
	EndGlobalSection
	GlobalSection(ProjectConfigurationPlatforms) = postSolution
		{9681E947-8CB8-447E-B33E-43846E86D0CA}.Debug|Any CPU.ActiveCfg = Debug|Any CPU
		{9681E947-8CB8-447E-B33E-43846E86D0CA}.Debug|Any CPU.Build.0 = Debug|Any CPU
		{9681E947-8CB8-447E-B33E-43846E86D0CA}.Release|Any CPU.ActiveCfg = Release|Any CPU
		{9681E947-8CB8-447E-B33E-43846E86D0CA}.Release|Any CPU.Build.0 = Release|Any CPU
	EndGlobalSection
	GlobalSection(SolutionProperties) = preSolution
		HideSolutionNode = FALSE
	EndGlobalSection
	GlobalSection(ExtensibilityGlobals) = postSolution
		SolutionGuid = {F86FE904-2CC3-4072-90A5-F5BE49CDF124}
	EndGlobalSection
EndGlobal
